{"name":"@seme/javascript-upb05","version":"1.0.0","lockfileVersion":3,"requires":true,"packages":{"":{"name":"@seme/javascript-upb05","version":"1.0.0","dependencies":{"@seme/checksum":"1.2.3"}},"node_modules/@seme/checksum":{"version":"1.2.3","resolved":"file:../javascript-upb03-external-checksum","integrity":"sha512-eMqVAv11saPfbJxoBzC2zTleDVMj7Ach1eexxYA6IwR0iYqDlW7InpfB+guJ4r2qm7RcKm50jIqrSWfXUfYsIA=="}}}
